// !$*UTF8*$!
{
	archiveVersion = 1;
	classes = {
	};
	objectVersion = 56;
	objects = {

/* Begin PBXBuildFile section */
		AB2AC8B02A1CD8B20014EB4B /* dotveep_header.h in Headers */ = {isa = PBXBuildFile; fileRef = AB2AC8942A1970E80014EB4B /* dotveep_header.h */; settings = {ATTRIBUTES = (Public, ); }; };
		AB2AC8B12A1CD8B20014EB4B /* Veep.pbobjc.h in Headers */ = {isa = PBXBuildFile; fileRef = AB2AC89B2A19710B0014EB4B /* Veep.pbobjc.h */; settings = {ATTRIBUTES = (Public, ); }; };
		AB2AC8B32A1CD8B20014EB4B /* Veep.pbobjc.m in Sources */ = {isa = PBXBuildFile; fileRef = AB2AC89C2A19710B0014EB4B /* Veep.pbobjc.m */; };
		AB4BA8A72A1D09FF001875CC /* dotveep_header.h in Headers */ = {isa = PBXBuildFile; fileRef = AB2AC8942A1970E80014EB4B /* dotveep_header.h */; settings = {ATTRIBUTES = (Public, ); }; };
		AB4BA8A82A1D09FF001875CC /* Veep.pbobjc.h in Headers */ = {isa = PBXBuildFile; fileRef = AB2AC89B2A19710B0014EB4B /* Veep.pbobjc.h */; settings = {ATTRIBUTES = (Public, ); }; };
		AB4BA8CB2A1D09FF001875CC /* Veep.pbobjc.m in Sources */ = {isa = PBXBuildFile; fileRef = AB2AC89C2A19710B0014EB4B /* Veep.pbobjc.m */; };
		ABD39F502A1DFEE00014476D /* VPKGPBUtilities_PackagePrivate.h in Headers */ = {isa = PBXBuildFile; fileRef = ABD39F0B2A1DFEE00014476D /* VPKGPBUtilities_PackagePrivate.h */; settings = {ATTRIBUTES = (Public, ); }; };
		ABD39F512A1DFEE00014476D /* VPKGPBUtilities_PackagePrivate.h in Headers */ = {isa = PBXBuildFile; fileRef = ABD39F0B2A1DFEE00014476D /* VPKGPBUtilities_PackagePrivate.h */; settings = {ATTRIBUTES = (Public, ); }; };
		ABD39F532A1DFEE00014476D /* VPKGPBArray_PackagePrivate.h in Headers */ = {isa = PBXBuildFile; fileRef = ABD39F0C2A1DFEE00014476D /* VPKGPBArray_PackagePrivate.h */; settings = {ATTRIBUTES = (Public, ); }; };
		ABD39F542A1DFEE00014476D /* VPKGPBArray_PackagePrivate.h in Headers */ = {isa = PBXBuildFile; fileRef = ABD39F0C2A1DFEE00014476D /* VPKGPBArray_PackagePrivate.h */; settings = {ATTRIBUTES = (Public, ); }; };
		ABD39F562A1DFEE00014476D /* VPKGPBUtilities.m in Sources */ = {isa = PBXBuildFile; fileRef = ABD39F0D2A1DFEE00014476D /* VPKGPBUtilities.m */; };
		ABD39F572A1DFEE00014476D /* VPKGPBUtilities.m in Sources */ = {isa = PBXBuildFile; fileRef = ABD39F0D2A1DFEE00014476D /* VPKGPBUtilities.m */; };
		ABD39F592A1DFEE00014476D /* VPKGPBDictionary_PackagePrivate.h in Headers */ = {isa = PBXBuildFile; fileRef = ABD39F0E2A1DFEE00014476D /* VPKGPBDictionary_PackagePrivate.h */; settings = {ATTRIBUTES = (Public, ); }; };
		ABD39F5A2A1DFEE10014476D /* VPKGPBDictionary_PackagePrivate.h in Headers */ = {isa = PBXBuildFile; fileRef = ABD39F0E2A1DFEE00014476D /* VPKGPBDictionary_PackagePrivate.h */; settings = {ATTRIBUTES = (Public, ); }; };
		ABD39F5C2A1DFEE10014476D /* VPKGPBWellKnownTypes.h in Headers */ = {isa = PBXBuildFile; fileRef = ABD39F0F2A1DFEE00014476D /* VPKGPBWellKnownTypes.h */; settings = {ATTRIBUTES = (Public, ); }; };
		ABD39F5D2A1DFEE10014476D /* VPKGPBWellKnownTypes.h in Headers */ = {isa = PBXBuildFile; fileRef = ABD39F0F2A1DFEE00014476D /* VPKGPBWellKnownTypes.h */; settings = {ATTRIBUTES = (Public, ); }; };
		ABD39F5F2A1DFEE10014476D /* VPKGPBMessage_PackagePrivate.h in Headers */ = {isa = PBXBuildFile; fileRef = ABD39F102A1DFEE00014476D /* VPKGPBMessage_PackagePrivate.h */; settings = {ATTRIBUTES = (Public, ); }; };
		ABD39F602A1DFEE10014476D /* VPKGPBMessage_PackagePrivate.h in Headers */ = {isa = PBXBuildFile; fileRef = ABD39F102A1DFEE00014476D /* VPKGPBMessage_PackagePrivate.h */; settings = {ATTRIBUTES = (Public, ); }; };
		ABD39F622A1DFEE10014476D /* VPKGPBUnknownField.h in Headers */ = {isa = PBXBuildFile; fileRef = ABD39F112A1DFEE00014476D /* VPKGPBUnknownField.h */; settings = {ATTRIBUTES = (Public, ); }; };
		ABD39F632A1DFEE10014476D /* VPKGPBUnknownField.h in Headers */ = {isa = PBXBuildFile; fileRef = ABD39F112A1DFEE00014476D /* VPKGPBUnknownField.h */; settings = {ATTRIBUTES = (Public, ); }; };
		ABD39F652A1DFEE10014476D /* VPKGPBDictionary.m in Sources */ = {isa = PBXBuildFile; fileRef = ABD39F122A1DFEE00014476D /* VPKGPBDictionary.m */; };
		ABD39F662A1DFEE10014476D /* VPKGPBDictionary.m in Sources */ = {isa = PBXBuildFile; fileRef = ABD39F122A1DFEE00014476D /* VPKGPBDictionary.m */; };
		ABD39F682A1DFEE10014476D /* VPKGPBCodedOutputStream.h in Headers */ = {isa = PBXBuildFile; fileRef = ABD39F132A1DFEE00014476D /* VPKGPBCodedOutputStream.h */; settings = {ATTRIBUTES = (Public, ); }; };
		ABD39F692A1DFEE10014476D /* VPKGPBCodedOutputStream.h in Headers */ = {isa = PBXBuildFile; fileRef = ABD39F132A1DFEE00014476D /* VPKGPBCodedOutputStream.h */; settings = {ATTRIBUTES = (Public, ); }; };
		ABD39F6B2A1DFEE10014476D /* VPKGPBDescriptor_PackagePrivate.h in Headers */ = {isa = PBXBuildFile; fileRef = ABD39F142A1DFEE00014476D /* VPKGPBDescriptor_PackagePrivate.h */; settings = {ATTRIBUTES = (Public, ); }; };
		ABD39F6C2A1DFEE10014476D /* VPKGPBDescriptor_PackagePrivate.h in Headers */ = {isa = PBXBuildFile; fileRef = ABD39F142A1DFEE00014476D /* VPKGPBDescriptor_PackagePrivate.h */; settings = {ATTRIBUTES = (Public, ); }; };
		ABD39F6E2A1DFEE10014476D /* VPKGPBType.pbobjc.m in Sources */ = {isa = PBXBuildFile; fileRef = ABD39F152A1DFEE00014476D /* VPKGPBType.pbobjc.m */; };
		ABD39F6F2A1DFEE10014476D /* VPKGPBType.pbobjc.m in Sources */ = {isa = PBXBuildFile; fileRef = ABD39F152A1DFEE00014476D /* VPKGPBType.pbobjc.m */; };
		ABD39F712A1DFEE10014476D /* VPKGPBDuration.pbobjc.h in Headers */ = {isa = PBXBuildFile; fileRef = ABD39F162A1DFEE00014476D /* VPKGPBDuration.pbobjc.h */; settings = {ATTRIBUTES = (Public, ); }; };
		ABD39F722A1DFEE10014476D /* VPKGPBDuration.pbobjc.h in Headers */ = {isa = PBXBuildFile; fileRef = ABD39F162A1DFEE00014476D /* VPKGPBDuration.pbobjc.h */; settings = {ATTRIBUTES = (Public, ); }; };
		ABD39F742A1DFEE10014476D /* VPKGPBFieldMask.pbobjc.m in Sources */ = {isa = PBXBuildFile; fileRef = ABD39F172A1DFEE00014476D /* VPKGPBFieldMask.pbobjc.m */; };
		ABD39F752A1DFEE10014476D /* VPKGPBFieldMask.pbobjc.m in Sources */ = {isa = PBXBuildFile; fileRef = ABD39F172A1DFEE00014476D /* VPKGPBFieldMask.pbobjc.m */; };
		ABD39F772A1DFEE10014476D /* VPKGPBApi.pbobjc.h in Headers */ = {isa = PBXBuildFile; fileRef = ABD39F182A1DFEE00014476D /* VPKGPBApi.pbobjc.h */; settings = {ATTRIBUTES = (Public, ); }; };
		ABD39F782A1DFEE20014476D /* VPKGPBApi.pbobjc.h in Headers */ = {isa = PBXBuildFile; fileRef = ABD39F182A1DFEE00014476D /* VPKGPBApi.pbobjc.h */; settings = {ATTRIBUTES = (Public, ); }; };
		ABD39F7A2A1DFEE20014476D /* VPKGPBProtocolBuffers.h in Headers */ = {isa = PBXBuildFile; fileRef = ABD39F192A1DFEE00014476D /* VPKGPBProtocolBuffers.h */; settings = {ATTRIBUTES = (Public, ); }; };
		ABD39F7B2A1DFEE20014476D /* VPKGPBProtocolBuffers.h in Headers */ = {isa = PBXBuildFile; fileRef = ABD39F192A1DFEE00014476D /* VPKGPBProtocolBuffers.h */; settings = {ATTRIBUTES = (Public, ); }; };
		ABD39F7D2A1DFEE20014476D /* VPKGPBEmpty.pbobjc.h in Headers */ = {isa = PBXBuildFile; fileRef = ABD39F1A2A1DFEE00014476D /* VPKGPBEmpty.pbobjc.h */; settings = {ATTRIBUTES = (Public, ); }; };
		ABD39F7E2A1DFEE20014476D /* VPKGPBEmpty.pbobjc.h in Headers */ = {isa = PBXBuildFile; fileRef = ABD39F1A2A1DFEE00014476D /* VPKGPBEmpty.pbobjc.h */; settings = {ATTRIBUTES = (Public, ); }; };
		ABD39F802A1DFEE20014476D /* VPKGPBCodedInputStream.h in Headers */ = {isa = PBXBuildFile; fileRef = ABD39F1B2A1DFEE00014476D /* VPKGPBCodedInputStream.h */; settings = {ATTRIBUTES = (Public, ); }; };
		ABD39F812A1DFEE20014476D /* VPKGPBCodedInputStream.h in Headers */ = {isa = PBXBuildFile; fileRef = ABD39F1B2A1DFEE00014476D /* VPKGPBCodedInputStream.h */; settings = {ATTRIBUTES = (Public, ); }; };
		ABD39F832A1DFEE20014476D /* VPKGPBTimestamp.pbobjc.h in Headers */ = {isa = PBXBuildFile; fileRef = ABD39F1C2A1DFEE00014476D /* VPKGPBTimestamp.pbobjc.h */; settings = {ATTRIBUTES = (Public, ); }; };
		ABD39F842A1DFEE20014476D /* VPKGPBTimestamp.pbobjc.h in Headers */ = {isa = PBXBuildFile; fileRef = ABD39F1C2A1DFEE00014476D /* VPKGPBTimestamp.pbobjc.h */; settings = {ATTRIBUTES = (Public, ); }; };
		ABD39F862A1DFEE20014476D /* VPKGPBExtensionInternals.h in Headers */ = {isa = PBXBuildFile; fileRef = ABD39F1D2A1DFEE00014476D /* VPKGPBExtensionInternals.h */; settings = {ATTRIBUTES = (Public, ); }; };
		ABD39F872A1DFEE20014476D /* VPKGPBExtensionInternals.h in Headers */ = {isa = PBXBuildFile; fileRef = ABD39F1D2A1DFEE00014476D /* VPKGPBExtensionInternals.h */; settings = {ATTRIBUTES = (Public, ); }; };
		ABD39F892A1DFEE20014476D /* VPKGPBWrappers.pbobjc.h in Headers */ = {isa = PBXBuildFile; fileRef = ABD39F1E2A1DFEE00014476D /* VPKGPBWrappers.pbobjc.h */; settings = {ATTRIBUTES = (Public, ); }; };
		ABD39F8A2A1DFEE20014476D /* VPKGPBWrappers.pbobjc.h in Headers */ = {isa = PBXBuildFile; fileRef = ABD39F1E2A1DFEE00014476D /* VPKGPBWrappers.pbobjc.h */; settings = {ATTRIBUTES = (Public, ); }; };
		ABD39F8C2A1DFEE20014476D /* VPKGPBUnknownFieldSet.m in Sources */ = {isa = PBXBuildFile; fileRef = ABD39F1F2A1DFEE00014476D /* VPKGPBUnknownFieldSet.m */; };
		ABD39F8D2A1DFEE20014476D /* VPKGPBUnknownFieldSet.m in Sources */ = {isa = PBXBuildFile; fileRef = ABD39F1F2A1DFEE00014476D /* VPKGPBUnknownFieldSet.m */; };
		ABD39F8F2A1DFEE20014476D /* VPKGPBRuntimeTypes.h in Headers */ = {isa = PBXBuildFile; fileRef = ABD39F202A1DFEE00014476D /* VPKGPBRuntimeTypes.h */; settings = {ATTRIBUTES = (Public, ); }; };
		ABD39F902A1DFEE20014476D /* VPKGPBRuntimeTypes.h in Headers */ = {isa = PBXBuildFile; fileRef = ABD39F202A1DFEE00014476D /* VPKGPBRuntimeTypes.h */; settings = {ATTRIBUTES = (Public, ); }; };
		ABD39F922A1DFEE20014476D /* VPKGPBArray.h in Headers */ = {isa = PBXBuildFile; fileRef = ABD39F212A1DFEE00014476D /* VPKGPBArray.h */; settings = {ATTRIBUTES = (Public, ); }; };
		ABD39F932A1DFEE30014476D /* VPKGPBArray.h in Headers */ = {isa = PBXBuildFile; fileRef = ABD39F212A1DFEE00014476D /* VPKGPBArray.h */; settings = {ATTRIBUTES = (Public, ); }; };
		ABD39F952A1DFEE30014476D /* VPKGPBSourceContext.pbobjc.h in Headers */ = {isa = PBXBuildFile; fileRef = ABD39F222A1DFEE00014476D /* VPKGPBSourceContext.pbobjc.h */; settings = {ATTRIBUTES = (Public, ); }; };
		ABD39F962A1DFEE30014476D /* VPKGPBSourceContext.pbobjc.h in Headers */ = {isa = PBXBuildFile; fileRef = ABD39F222A1DFEE00014476D /* VPKGPBSourceContext.pbobjc.h */; settings = {ATTRIBUTES = (Public, ); }; };
		ABD39F982A1DFEE30014476D /* VPKGPBWireFormat.h in Headers */ = {isa = PBXBuildFile; fileRef = ABD39F232A1DFEE00014476D /* VPKGPBWireFormat.h */; settings = {ATTRIBUTES = (Public, ); }; };
		ABD39F992A1DFEE30014476D /* VPKGPBWireFormat.h in Headers */ = {isa = PBXBuildFile; fileRef = ABD39F232A1DFEE00014476D /* VPKGPBWireFormat.h */; settings = {ATTRIBUTES = (Public, ); }; };
		ABD39F9B2A1DFEE30014476D /* VPKGPBAny.pbobjc.m in Sources */ = {isa = PBXBuildFile; fileRef = ABD39F242A1DFEE00014476D /* VPKGPBAny.pbobjc.m */; };
		ABD39F9C2A1DFEE30014476D /* VPKGPBAny.pbobjc.m in Sources */ = {isa = PBXBuildFile; fileRef = ABD39F242A1DFEE00014476D /* VPKGPBAny.pbobjc.m */; };
		ABD39F9E2A1DFEE30014476D /* VPKGPBRootObject.h in Headers */ = {isa = PBXBuildFile; fileRef = ABD39F252A1DFEE00014476D /* VPKGPBRootObject.h */; settings = {ATTRIBUTES = (Public, ); }; };
		ABD39F9F2A1DFEE30014476D /* VPKGPBRootObject.h in Headers */ = {isa = PBXBuildFile; fileRef = ABD39F252A1DFEE00014476D /* VPKGPBRootObject.h */; settings = {ATTRIBUTES = (Public, ); }; };
		ABD39FA12A1DFEE30014476D /* VPKGPBExtensionRegistry.m in Sources */ = {isa = PBXBuildFile; fileRef = ABD39F262A1DFEE00014476D /* VPKGPBExtensionRegistry.m */; };
		ABD39FA22A1DFEE30014476D /* VPKGPBExtensionRegistry.m in Sources */ = {isa = PBXBuildFile; fileRef = ABD39F262A1DFEE00014476D /* VPKGPBExtensionRegistry.m */; };
		ABD39FA42A1DFEE30014476D /* VPKGPBCodedOutputStream_PackagePrivate.h in Headers */ = {isa = PBXBuildFile; fileRef = ABD39F272A1DFEE00014476D /* VPKGPBCodedOutputStream_PackagePrivate.h */; settings = {ATTRIBUTES = (Public, ); }; };
		ABD39FA52A1DFEE30014476D /* VPKGPBCodedOutputStream_PackagePrivate.h in Headers */ = {isa = PBXBuildFile; fileRef = ABD39F272A1DFEE00014476D /* VPKGPBCodedOutputStream_PackagePrivate.h */; settings = {ATTRIBUTES = (Public, ); }; };
		ABD39FA72A1DFEE30014476D /* VPKGPBMessage.h in Headers */ = {isa = PBXBuildFile; fileRef = ABD39F282A1DFEE00014476D /* VPKGPBMessage.h */; settings = {ATTRIBUTES = (Public, ); }; };
		ABD39FA82A1DFEE30014476D /* VPKGPBMessage.h in Headers */ = {isa = PBXBuildFile; fileRef = ABD39F282A1DFEE00014476D /* VPKGPBMessage.h */; settings = {ATTRIBUTES = (Public, ); }; };
		ABD39FAA2A1DFEE30014476D /* VPKGPBDescriptor.h in Headers */ = {isa = PBXBuildFile; fileRef = ABD39F292A1DFEE00014476D /* VPKGPBDescriptor.h */; settings = {ATTRIBUTES = (Public, ); }; };
		ABD39FAB2A1DFEE30014476D /* VPKGPBDescriptor.h in Headers */ = {isa = PBXBuildFile; fileRef = ABD39F292A1DFEE00014476D /* VPKGPBDescriptor.h */; settings = {ATTRIBUTES = (Public, ); }; };
		ABD39FAD2A1DFEE30014476D /* VPKGPBStruct.pbobjc.h in Headers */ = {isa = PBXBuildFile; fileRef = ABD39F2A2A1DFEE00014476D /* VPKGPBStruct.pbobjc.h */; settings = {ATTRIBUTES = (Public, ); }; };
		ABD39FAE2A1DFEE30014476D /* VPKGPBStruct.pbobjc.h in Headers */ = {isa = PBXBuildFile; fileRef = ABD39F2A2A1DFEE00014476D /* VPKGPBStruct.pbobjc.h */; settings = {ATTRIBUTES = (Public, ); }; };
		ABD39FB02A1DFEE30014476D /* VPKGPBUnknownField.m in Sources */ = {isa = PBXBuildFile; fileRef = ABD39F2B2A1DFEE00014476D /* VPKGPBUnknownField.m */; };
		ABD39FB12A1DFEE40014476D /* VPKGPBUnknownField.m in Sources */ = {isa = PBXBuildFile; fileRef = ABD39F2B2A1DFEE00014476D /* VPKGPBUnknownField.m */; };
		ABD39FB32A1DFEE40014476D /* VPKGPBWellKnownTypes.m in Sources */ = {isa = PBXBuildFile; fileRef = ABD39F2C2A1DFEE00014476D /* VPKGPBWellKnownTypes.m */; };
		ABD39FB42A1DFEE40014476D /* VPKGPBWellKnownTypes.m in Sources */ = {isa = PBXBuildFile; fileRef = ABD39F2C2A1DFEE00014476D /* VPKGPBWellKnownTypes.m */; };
		ABD39FB62A1DFEE40014476D /* VPKGPBUtilities.h in Headers */ = {isa = PBXBuildFile; fileRef = ABD39F2D2A1DFEE00014476D /* VPKGPBUtilities.h */; settings = {ATTRIBUTES = (Public, ); }; };
		ABD39FB72A1DFEE40014476D /* VPKGPBUtilities.h in Headers */ = {isa = PBXBuildFile; fileRef = ABD39F2D2A1DFEE00014476D /* VPKGPBUtilities.h */; settings = {ATTRIBUTES = (Public, ); }; };
		ABD39FB92A1DFEE40014476D /* VPKGPBProtocolBuffers_RuntimeSupport.h in Headers */ = {isa = PBXBuildFile; fileRef = ABD39F2E2A1DFEE00014476D /* VPKGPBProtocolBuffers_RuntimeSupport.h */; settings = {ATTRIBUTES = (Public, ); }; };
		ABD39FBA2A1DFEE40014476D /* VPKGPBProtocolBuffers_RuntimeSupport.h in Headers */ = {isa = PBXBuildFile; fileRef = ABD39F2E2A1DFEE00014476D /* VPKGPBProtocolBuffers_RuntimeSupport.h */; settings = {ATTRIBUTES = (Public, ); }; };
		ABD39FBC2A1DFEE40014476D /* VPKGPBCodedInputStream_PackagePrivate.h in Headers */ = {isa = PBXBuildFile; fileRef = ABD39F2F2A1DFEE00014476D /* VPKGPBCodedInputStream_PackagePrivate.h */; settings = {ATTRIBUTES = (Public, ); }; };
		ABD39FBD2A1DFEE40014476D /* VPKGPBCodedInputStream_PackagePrivate.h in Headers */ = {isa = PBXBuildFile; fileRef = ABD39F2F2A1DFEE00014476D /* VPKGPBCodedInputStream_PackagePrivate.h */; settings = {ATTRIBUTES = (Public, ); }; };
		ABD39FBF2A1DFEE40014476D /* VPKGPBUnknownFieldSet_PackagePrivate.h in Headers */ = {isa = PBXBuildFile; fileRef = ABD39F302A1DFEE00014476D /* VPKGPBUnknownFieldSet_PackagePrivate.h */; settings = {ATTRIBUTES = (Public, ); }; };
		ABD39FC02A1DFEE40014476D /* VPKGPBUnknownFieldSet_PackagePrivate.h in Headers */ = {isa = PBXBuildFile; fileRef = ABD39F302A1DFEE00014476D /* VPKGPBUnknownFieldSet_PackagePrivate.h */; settings = {ATTRIBUTES = (Public, ); }; };
		ABD39FC22A1DFEE40014476D /* VPKGPBRootObject_PackagePrivate.h in Headers */ = {isa = PBXBuildFile; fileRef = ABD39F312A1DFEE00014476D /* VPKGPBRootObject_PackagePrivate.h */; settings = {ATTRIBUTES = (Public, ); }; };
		ABD39FC32A1DFEE40014476D /* VPKGPBRootObject_PackagePrivate.h in Headers */ = {isa = PBXBuildFile; fileRef = ABD39F312A1DFEE00014476D /* VPKGPBRootObject_PackagePrivate.h */; settings = {ATTRIBUTES = (Public, ); }; };
		ABD39FC52A1DFEE40014476D /* VPKGPBApi.pbobjc.m in Sources */ = {isa = PBXBuildFile; fileRef = ABD39F322A1DFEE00014476D /* VPKGPBApi.pbobjc.m */; };
		ABD39FC62A1DFEE40014476D /* VPKGPBApi.pbobjc.m in Sources */ = {isa = PBXBuildFile; fileRef = ABD39F322A1DFEE00014476D /* VPKGPBApi.pbobjc.m */; };
		ABD39FC82A1DFEE40014476D /* VPKGPBFieldMask.pbobjc.h in Headers */ = {isa = PBXBuildFile; fileRef = ABD39F332A1DFEE00014476D /* VPKGPBFieldMask.pbobjc.h */; settings = {ATTRIBUTES = (Public, ); }; };
		ABD39FC92A1DFEE40014476D /* VPKGPBFieldMask.pbobjc.h in Headers */ = {isa = PBXBuildFile; fileRef = ABD39F332A1DFEE00014476D /* VPKGPBFieldMask.pbobjc.h */; settings = {ATTRIBUTES = (Public, ); }; };
		ABD39FCB2A1DFEE40014476D /* VPKGPBType.pbobjc.h in Headers */ = {isa = PBXBuildFile; fileRef = ABD39F342A1DFEE00014476D /* VPKGPBType.pbobjc.h */; settings = {ATTRIBUTES = (Public, ); }; };
		ABD39FCC2A1DFEE40014476D /* VPKGPBType.pbobjc.h in Headers */ = {isa = PBXBuildFile; fileRef = ABD39F342A1DFEE00014476D /* VPKGPBType.pbobjc.h */; settings = {ATTRIBUTES = (Public, ); }; };
		ABD39FCE2A1DFEE40014476D /* VPKGPBDuration.pbobjc.m in Sources */ = {isa = PBXBuildFile; fileRef = ABD39F352A1DFEE00014476D /* VPKGPBDuration.pbobjc.m */; };
		ABD39FCF2A1DFEE40014476D /* VPKGPBDuration.pbobjc.m in Sources */ = {isa = PBXBuildFile; fileRef = ABD39F352A1DFEE00014476D /* VPKGPBDuration.pbobjc.m */; };
		ABD39FD12A1DFEE40014476D /* VPKGPBCodedOutputStream.m in Sources */ = {isa = PBXBuildFile; fileRef = ABD39F362A1DFEE00014476D /* VPKGPBCodedOutputStream.m */; };
		ABD39FD22A1DFEE40014476D /* VPKGPBCodedOutputStream.m in Sources */ = {isa = PBXBuildFile; fileRef = ABD39F362A1DFEE00014476D /* VPKGPBCodedOutputStream.m */; };
		ABD39FD42A1DFEE50014476D /* VPKGPBDictionary.h in Headers */ = {isa = PBXBuildFile; fileRef = ABD39F372A1DFEE00014476D /* VPKGPBDictionary.h */; settings = {ATTRIBUTES = (Public, ); }; };
		ABD39FD52A1DFEE50014476D /* VPKGPBDictionary.h in Headers */ = {isa = PBXBuildFile; fileRef = ABD39F372A1DFEE00014476D /* VPKGPBDictionary.h */; settings = {ATTRIBUTES = (Public, ); }; };
		ABD39FD72A1DFEE50014476D /* VPKGPBBootstrap.h in Headers */ = {isa = PBXBuildFile; fileRef = ABD39F382A1DFEE00014476D /* VPKGPBBootstrap.h */; settings = {ATTRIBUTES = (Public, ); }; };
		ABD39FD82A1DFEE50014476D /* VPKGPBBootstrap.h in Headers */ = {isa = PBXBuildFile; fileRef = ABD39F382A1DFEE00014476D /* VPKGPBBootstrap.h */; settings = {ATTRIBUTES = (Public, ); }; };
		ABD39FDA2A1DFEE50014476D /* VPKGPBSourceContext.pbobjc.m in Sources */ = {isa = PBXBuildFile; fileRef = ABD39F392A1DFEE00014476D /* VPKGPBSourceContext.pbobjc.m */; };
		ABD39FDB2A1DFEE50014476D /* VPKGPBSourceContext.pbobjc.m in Sources */ = {isa = PBXBuildFile; fileRef = ABD39F392A1DFEE00014476D /* VPKGPBSourceContext.pbobjc.m */; };
		ABD39FDD2A1DFEE50014476D /* VPKGPBWireFormat.m in Sources */ = {isa = PBXBuildFile; fileRef = ABD39F3A2A1DFEE00014476D /* VPKGPBWireFormat.m */; };
		ABD39FDE2A1DFEE50014476D /* VPKGPBWireFormat.m in Sources */ = {isa = PBXBuildFile; fileRef = ABD39F3A2A1DFEE00014476D /* VPKGPBWireFormat.m */; };
		ABD39FE02A1DFEE50014476D /* VPKGPBArray.m in Sources */ = {isa = PBXBuildFile; fileRef = ABD39F3B2A1DFEE00014476D /* VPKGPBArray.m */; };
		ABD39FE12A1DFEE50014476D /* VPKGPBArray.m in Sources */ = {isa = PBXBuildFile; fileRef = ABD39F3B2A1DFEE00014476D /* VPKGPBArray.m */; };
		ABD39FE32A1DFEE50014476D /* VPKGPBUnknownFieldSet.h in Headers */ = {isa = PBXBuildFile; fileRef = ABD39F3C2A1DFEE00014476D /* VPKGPBUnknownFieldSet.h */; settings = {ATTRIBUTES = (Public, ); }; };
		ABD39FE42A1DFEE50014476D /* VPKGPBUnknownFieldSet.h in Headers */ = {isa = PBXBuildFile; fileRef = ABD39F3C2A1DFEE00014476D /* VPKGPBUnknownFieldSet.h */; settings = {ATTRIBUTES = (Public, ); }; };
		ABD39FE62A1DFEE50014476D /* VPKGPBUnknownField_PackagePrivate.h in Headers */ = {isa = PBXBuildFile; fileRef = ABD39F3D2A1DFEE00014476D /* VPKGPBUnknownField_PackagePrivate.h */; settings = {ATTRIBUTES = (Public, ); }; };
		ABD39FE72A1DFEE50014476D /* VPKGPBUnknownField_PackagePrivate.h in Headers */ = {isa = PBXBuildFile; fileRef = ABD39F3D2A1DFEE00014476D /* VPKGPBUnknownField_PackagePrivate.h */; settings = {ATTRIBUTES = (Public, ); }; };
		ABD39FE92A1DFEE50014476D /* VPKGPBWrappers.pbobjc.m in Sources */ = {isa = PBXBuildFile; fileRef = ABD39F3E2A1DFEE00014476D /* VPKGPBWrappers.pbobjc.m */; };
		ABD39FEA2A1DFEE50014476D /* VPKGPBWrappers.pbobjc.m in Sources */ = {isa = PBXBuildFile; fileRef = ABD39F3E2A1DFEE00014476D /* VPKGPBWrappers.pbobjc.m */; };
		ABD39FEC2A1DFEE50014476D /* VPKGPBExtensionInternals.m in Sources */ = {isa = PBXBuildFile; fileRef = ABD39F3F2A1DFEE00014476D /* VPKGPBExtensionInternals.m */; };
		ABD39FED2A1DFEE50014476D /* VPKGPBExtensionInternals.m in Sources */ = {isa = PBXBuildFile; fileRef = ABD39F3F2A1DFEE00014476D /* VPKGPBExtensionInternals.m */; };
		ABD39FEF2A1DFEE50014476D /* VPKGPBTimestamp.pbobjc.m in Sources */ = {isa = PBXBuildFile; fileRef = ABD39F402A1DFEE00014476D /* VPKGPBTimestamp.pbobjc.m */; };
		ABD39FF02A1DFEE50014476D /* VPKGPBTimestamp.pbobjc.m in Sources */ = {isa = PBXBuildFile; fileRef = ABD39F402A1DFEE00014476D /* VPKGPBTimestamp.pbobjc.m */; };
		ABD39FF22A1DFEE50014476D /* VPKGPBEmpty.pbobjc.m in Sources */ = {isa = PBXBuildFile; fileRef = ABD39F412A1DFEE00014476D /* VPKGPBEmpty.pbobjc.m */; };
		ABD39FF32A1DFEE50014476D /* VPKGPBEmpty.pbobjc.m in Sources */ = {isa = PBXBuildFile; fileRef = ABD39F412A1DFEE00014476D /* VPKGPBEmpty.pbobjc.m */; };
		ABD39FF52A1DFEE50014476D /* VPKGPBCodedInputStream.m in Sources */ = {isa = PBXBuildFile; fileRef = ABD39F422A1DFEE00014476D /* VPKGPBCodedInputStream.m */; };
		ABD39FF62A1DFEE50014476D /* VPKGPBCodedInputStream.m in Sources */ = {isa = PBXBuildFile; fileRef = ABD39F422A1DFEE00014476D /* VPKGPBCodedInputStream.m */; };
		ABD39FF82A1DFEE50014476D /* VPKGPBStruct.pbobjc.m in Sources */ = {isa = PBXBuildFile; fileRef = ABD39F432A1DFEE00014476D /* VPKGPBStruct.pbobjc.m */; };
		ABD39FF92A1DFEE50014476D /* VPKGPBStruct.pbobjc.m in Sources */ = {isa = PBXBuildFile; fileRef = ABD39F432A1DFEE00014476D /* VPKGPBStruct.pbobjc.m */; };
		ABD39FFB2A1DFEE50014476D /* VPKGPBDescriptor.m in Sources */ = {isa = PBXBuildFile; fileRef = ABD39F442A1DFEE00014476D /* VPKGPBDescriptor.m */; };
		ABD39FFC2A1DFEE50014476D /* VPKGPBDescriptor.m in Sources */ = {isa = PBXBuildFile; fileRef = ABD39F442A1DFEE00014476D /* VPKGPBDescriptor.m */; };
		ABD39FFE2A1DFEE60014476D /* VPKGPBMessage.m in Sources */ = {isa = PBXBuildFile; fileRef = ABD39F452A1DFEE00014476D /* VPKGPBMessage.m */; };
		ABD39FFF2A1DFEE60014476D /* VPKGPBMessage.m in Sources */ = {isa = PBXBuildFile; fileRef = ABD39F452A1DFEE00014476D /* VPKGPBMessage.m */; };
		ABD3A0012A1DFEE60014476D /* VPKGPBRootObject.m in Sources */ = {isa = PBXBuildFile; fileRef = ABD39F462A1DFEE00014476D /* VPKGPBRootObject.m */; };
		ABD3A0022A1DFEE60014476D /* VPKGPBRootObject.m in Sources */ = {isa = PBXBuildFile; fileRef = ABD39F462A1DFEE00014476D /* VPKGPBRootObject.m */; };
		ABD3A0042A1DFEE60014476D /* VPKGPBExtensionRegistry.h in Headers */ = {isa = PBXBuildFile; fileRef = ABD39F472A1DFEE00014476D /* VPKGPBExtensionRegistry.h */; settings = {ATTRIBUTES = (Public, ); }; };
		ABD3A0052A1DFEE60014476D /* VPKGPBExtensionRegistry.h in Headers */ = {isa = PBXBuildFile; fileRef = ABD39F472A1DFEE00014476D /* VPKGPBExtensionRegistry.h */; settings = {ATTRIBUTES = (Public, ); }; };
		ABD3A0072A1DFEE60014476D /* VPKGPBAny.pbobjc.h in Headers */ = {isa = PBXBuildFile; fileRef = ABD39F482A1DFEE00014476D /* VPKGPBAny.pbobjc.h */; settings = {ATTRIBUTES = (Public, ); }; };
		ABD3A0082A1DFEE60014476D /* VPKGPBAny.pbobjc.h in Headers */ = {isa = PBXBuildFile; fileRef = ABD39F482A1DFEE00014476D /* VPKGPBAny.pbobjc.h */; settings = {ATTRIBUTES = (Public, ); }; };
/* End PBXBuildFile section */

/* Begin PBXFileReference section */
		AB12D0122A23AAFC00A6095E /* build_xcframeworks.sh */ = {isa = PBXFileReference; lastKnownFileType = text.script.sh; path = build_xcframeworks.sh; sourceTree = "<group>"; };
		AB2AC8942A1970E80014EB4B /* dotveep_header.h */ = {isa = PBXFileReference; lastKnownFileType = sourcecode.c.h; path = dotveep_header.h; sourceTree = "<group>"; };
		AB2AC89B2A19710B0014EB4B /* Veep.pbobjc.h */ = {isa = PBXFileReference; fileEncoding = 4; lastKnownFileType = sourcecode.c.h; path = Veep.pbobjc.h; sourceTree = "<group>"; };
		AB2AC89C2A19710B0014EB4B /* Veep.pbobjc.m */ = {isa = PBXFileReference; fileEncoding = 4; lastKnownFileType = sourcecode.c.objc; path = Veep.pbobjc.m; sourceTree = "<group>"; };
		AB2AC8BA2A1CD8B20014EB4B /* dotveep.framework */ = {isa = PBXFileReference; explicitFileType = wrapper.framework; includeInIndex = 0; path = dotveep.framework; sourceTree = BUILT_PRODUCTS_DIR; };
		AB4BA8D32A1D09FF001875CC /* dotveep.framework */ = {isa = PBXFileReference; explicitFileType = wrapper.framework; includeInIndex = 0; path = dotveep.framework; sourceTree = BUILT_PRODUCTS_DIR; };
		ABD39F082A1DFEE00014476D /* LICENSE */ = {isa = PBXFileReference; fileEncoding = 4; lastKnownFileType = text; path = LICENSE; sourceTree = "<group>"; };
		ABD39F092A1DFEE00014476D /* README.md */ = {isa = PBXFileReference; fileEncoding = 4; lastKnownFileType = net.daringfireball.markdown; path = README.md; sourceTree = "<group>"; };
		ABD39F0B2A1DFEE00014476D /* VPKGPBUtilities_PackagePrivate.h */ = {isa = PBXFileReference; fileEncoding = 4; lastKnownFileType = sourcecode.c.h; path = VPKGPBUtilities_PackagePrivate.h; sourceTree = "<group>"; };
		ABD39F0C2A1DFEE00014476D /* VPKGPBArray_PackagePrivate.h */ = {isa = PBXFileReference; fileEncoding = 4; lastKnownFileType = sourcecode.c.h; path = VPKGPBArray_PackagePrivate.h; sourceTree = "<group>"; };
		ABD39F0D2A1DFEE00014476D /* VPKGPBUtilities.m */ = {isa = PBXFileReference; fileEncoding = 4; lastKnownFileType = sourcecode.c.objc; path = VPKGPBUtilities.m; sourceTree = "<group>"; };
		ABD39F0E2A1DFEE00014476D /* VPKGPBDictionary_PackagePrivate.h */ = {isa = PBXFileReference; fileEncoding = 4; lastKnownFileType = sourcecode.c.h; path = VPKGPBDictionary_PackagePrivate.h; sourceTree = "<group>"; };
		ABD39F0F2A1DFEE00014476D /* VPKGPBWellKnownTypes.h */ = {isa = PBXFileReference; fileEncoding = 4; lastKnownFileType = sourcecode.c.h; path = VPKGPBWellKnownTypes.h; sourceTree = "<group>"; };
		ABD39F102A1DFEE00014476D /* VPKGPBMessage_PackagePrivate.h */ = {isa = PBXFileReference; fileEncoding = 4; lastKnownFileType = sourcecode.c.h; path = VPKGPBMessage_PackagePrivate.h; sourceTree = "<group>"; };
		ABD39F112A1DFEE00014476D /* VPKGPBUnknownField.h */ = {isa = PBXFileReference; fileEncoding = 4; lastKnownFileType = sourcecode.c.h; path = VPKGPBUnknownField.h; sourceTree = "<group>"; };
		ABD39F122A1DFEE00014476D /* VPKGPBDictionary.m */ = {isa = PBXFileReference; fileEncoding = 4; lastKnownFileType = sourcecode.c.objc; path = VPKGPBDictionary.m; sourceTree = "<group>"; };
		ABD39F132A1DFEE00014476D /* VPKGPBCodedOutputStream.h */ = {isa = PBXFileReference; fileEncoding = 4; lastKnownFileType = sourcecode.c.h; path = VPKGPBCodedOutputStream.h; sourceTree = "<group>"; };
		ABD39F142A1DFEE00014476D /* VPKGPBDescriptor_PackagePrivate.h */ = {isa = PBXFileReference; fileEncoding = 4; lastKnownFileType = sourcecode.c.h; path = VPKGPBDescriptor_PackagePrivate.h; sourceTree = "<group>"; };
		ABD39F152A1DFEE00014476D /* VPKGPBType.pbobjc.m */ = {isa = PBXFileReference; fileEncoding = 4; lastKnownFileType = sourcecode.c.objc; path = VPKGPBType.pbobjc.m; sourceTree = "<group>"; };
		ABD39F162A1DFEE00014476D /* VPKGPBDuration.pbobjc.h */ = {isa = PBXFileReference; fileEncoding = 4; lastKnownFileType = sourcecode.c.h; path = VPKGPBDuration.pbobjc.h; sourceTree = "<group>"; };
		ABD39F172A1DFEE00014476D /* VPKGPBFieldMask.pbobjc.m */ = {isa = PBXFileReference; fileEncoding = 4; lastKnownFileType = sourcecode.c.objc; path = VPKGPBFieldMask.pbobjc.m; sourceTree = "<group>"; };
		ABD39F182A1DFEE00014476D /* VPKGPBApi.pbobjc.h */ = {isa = PBXFileReference; fileEncoding = 4; lastKnownFileType = sourcecode.c.h; path = VPKGPBApi.pbobjc.h; sourceTree = "<group>"; };
		ABD39F192A1DFEE00014476D /* VPKGPBProtocolBuffers.h */ = {isa = PBXFileReference; fileEncoding = 4; lastKnownFileType = sourcecode.c.h; path = VPKGPBProtocolBuffers.h; sourceTree = "<group>"; };
		ABD39F1A2A1DFEE00014476D /* VPKGPBEmpty.pbobjc.h */ = {isa = PBXFileReference; fileEncoding = 4; lastKnownFileType = sourcecode.c.h; path = VPKGPBEmpty.pbobjc.h; sourceTree = "<group>"; };
		ABD39F1B2A1DFEE00014476D /* VPKGPBCodedInputStream.h */ = {isa = PBXFileReference; fileEncoding = 4; lastKnownFileType = sourcecode.c.h; path = VPKGPBCodedInputStream.h; sourceTree = "<group>"; };
		ABD39F1C2A1DFEE00014476D /* VPKGPBTimestamp.pbobjc.h */ = {isa = PBXFileReference; fileEncoding = 4; lastKnownFileType = sourcecode.c.h; path = VPKGPBTimestamp.pbobjc.h; sourceTree = "<group>"; };
		ABD39F1D2A1DFEE00014476D /* VPKGPBExtensionInternals.h */ = {isa = PBXFileReference; fileEncoding = 4; lastKnownFileType = sourcecode.c.h; path = VPKGPBExtensionInternals.h; sourceTree = "<group>"; };
		ABD39F1E2A1DFEE00014476D /* VPKGPBWrappers.pbobjc.h */ = {isa = PBXFileReference; fileEncoding = 4; lastKnownFileType = sourcecode.c.h; path = VPKGPBWrappers.pbobjc.h; sourceTree = "<group>"; };
		ABD39F1F2A1DFEE00014476D /* VPKGPBUnknownFieldSet.m */ = {isa = PBXFileReference; fileEncoding = 4; lastKnownFileType = sourcecode.c.objc; path = VPKGPBUnknownFieldSet.m; sourceTree = "<group>"; };
		ABD39F202A1DFEE00014476D /* VPKGPBRuntimeTypes.h */ = {isa = PBXFileReference; fileEncoding = 4; lastKnownFileType = sourcecode.c.h; path = VPKGPBRuntimeTypes.h; sourceTree = "<group>"; };
		ABD39F212A1DFEE00014476D /* VPKGPBArray.h */ = {isa = PBXFileReference; fileEncoding = 4; lastKnownFileType = sourcecode.c.h; path = VPKGPBArray.h; sourceTree = "<group>"; };
		ABD39F222A1DFEE00014476D /* VPKGPBSourceContext.pbobjc.h */ = {isa = PBXFileReference; fileEncoding = 4; lastKnownFileType = sourcecode.c.h; path = VPKGPBSourceContext.pbobjc.h; sourceTree = "<group>"; };
		ABD39F232A1DFEE00014476D /* VPKGPBWireFormat.h */ = {isa = PBXFileReference; fileEncoding = 4; lastKnownFileType = sourcecode.c.h; path = VPKGPBWireFormat.h; sourceTree = "<group>"; };
		ABD39F242A1DFEE00014476D /* VPKGPBAny.pbobjc.m */ = {isa = PBXFileReference; fileEncoding = 4; lastKnownFileType = sourcecode.c.objc; path = VPKGPBAny.pbobjc.m; sourceTree = "<group>"; };
		ABD39F252A1DFEE00014476D /* VPKGPBRootObject.h */ = {isa = PBXFileReference; fileEncoding = 4; lastKnownFileType = sourcecode.c.h; path = VPKGPBRootObject.h; sourceTree = "<group>"; };
		ABD39F262A1DFEE00014476D /* VPKGPBExtensionRegistry.m */ = {isa = PBXFileReference; fileEncoding = 4; lastKnownFileType = sourcecode.c.objc; path = VPKGPBExtensionRegistry.m; sourceTree = "<group>"; };
		ABD39F272A1DFEE00014476D /* VPKGPBCodedOutputStream_PackagePrivate.h */ = {isa = PBXFileReference; fileEncoding = 4; lastKnownFileType = sourcecode.c.h; path = VPKGPBCodedOutputStream_PackagePrivate.h; sourceTree = "<group>"; };
		ABD39F282A1DFEE00014476D /* VPKGPBMessage.h */ = {isa = PBXFileReference; fileEncoding = 4; lastKnownFileType = sourcecode.c.h; path = VPKGPBMessage.h; sourceTree = "<group>"; };
		ABD39F292A1DFEE00014476D /* VPKGPBDescriptor.h */ = {isa = PBXFileReference; fileEncoding = 4; lastKnownFileType = sourcecode.c.h; path = VPKGPBDescriptor.h; sourceTree = "<group>"; };
		ABD39F2A2A1DFEE00014476D /* VPKGPBStruct.pbobjc.h */ = {isa = PBXFileReference; fileEncoding = 4; lastKnownFileType = sourcecode.c.h; path = VPKGPBStruct.pbobjc.h; sourceTree = "<group>"; };
		ABD39F2B2A1DFEE00014476D /* VPKGPBUnknownField.m */ = {isa = PBXFileReference; fileEncoding = 4; lastKnownFileType = sourcecode.c.objc; path = VPKGPBUnknownField.m; sourceTree = "<group>"; };
		ABD39F2C2A1DFEE00014476D /* VPKGPBWellKnownTypes.m */ = {isa = PBXFileReference; fileEncoding = 4; lastKnownFileType = sourcecode.c.objc; path = VPKGPBWellKnownTypes.m; sourceTree = "<group>"; };
		ABD39F2D2A1DFEE00014476D /* VPKGPBUtilities.h */ = {isa = PBXFileReference; fileEncoding = 4; lastKnownFileType = sourcecode.c.h; path = VPKGPBUtilities.h; sourceTree = "<group>"; };
		ABD39F2E2A1DFEE00014476D /* VPKGPBProtocolBuffers_RuntimeSupport.h */ = {isa = PBXFileReference; fileEncoding = 4; lastKnownFileType = sourcecode.c.h; path = VPKGPBProtocolBuffers_RuntimeSupport.h; sourceTree = "<group>"; };
		ABD39F2F2A1DFEE00014476D /* VPKGPBCodedInputStream_PackagePrivate.h */ = {isa = PBXFileReference; fileEncoding = 4; lastKnownFileType = sourcecode.c.h; path = VPKGPBCodedInputStream_PackagePrivate.h; sourceTree = "<group>"; };
		ABD39F302A1DFEE00014476D /* VPKGPBUnknownFieldSet_PackagePrivate.h */ = {isa = PBXFileReference; fileEncoding = 4; lastKnownFileType = sourcecode.c.h; path = VPKGPBUnknownFieldSet_PackagePrivate.h; sourceTree = "<group>"; };
		ABD39F312A1DFEE00014476D /* VPKGPBRootObject_PackagePrivate.h */ = {isa = PBXFileReference; fileEncoding = 4; lastKnownFileType = sourcecode.c.h; path = VPKGPBRootObject_PackagePrivate.h; sourceTree = "<group>"; };
		ABD39F322A1DFEE00014476D /* VPKGPBApi.pbobjc.m */ = {isa = PBXFileReference; fileEncoding = 4; lastKnownFileType = sourcecode.c.objc; path = VPKGPBApi.pbobjc.m; sourceTree = "<group>"; };
		ABD39F332A1DFEE00014476D /* VPKGPBFieldMask.pbobjc.h */ = {isa = PBXFileReference; fileEncoding = 4; lastKnownFileType = sourcecode.c.h; path = VPKGPBFieldMask.pbobjc.h; sourceTree = "<group>"; };
		ABD39F342A1DFEE00014476D /* VPKGPBType.pbobjc.h */ = {isa = PBXFileReference; fileEncoding = 4; lastKnownFileType = sourcecode.c.h; path = VPKGPBType.pbobjc.h; sourceTree = "<group>"; };
		ABD39F352A1DFEE00014476D /* VPKGPBDuration.pbobjc.m */ = {isa = PBXFileReference; fileEncoding = 4; lastKnownFileType = sourcecode.c.objc; path = VPKGPBDuration.pbobjc.m; sourceTree = "<group>"; };
		ABD39F362A1DFEE00014476D /* VPKGPBCodedOutputStream.m */ = {isa = PBXFileReference; fileEncoding = 4; lastKnownFileType = sourcecode.c.objc; path = VPKGPBCodedOutputStream.m; sourceTree = "<group>"; };
		ABD39F372A1DFEE00014476D /* VPKGPBDictionary.h */ = {isa = PBXFileReference; fileEncoding = 4; lastKnownFileType = sourcecode.c.h; path = VPKGPBDictionary.h; sourceTree = "<group>"; };
		ABD39F382A1DFEE00014476D /* VPKGPBBootstrap.h */ = {isa = PBXFileReference; fileEncoding = 4; lastKnownFileType = sourcecode.c.h; path = VPKGPBBootstrap.h; sourceTree = "<group>"; };
		ABD39F392A1DFEE00014476D /* VPKGPBSourceContext.pbobjc.m */ = {isa = PBXFileReference; fileEncoding = 4; lastKnownFileType = sourcecode.c.objc; path = VPKGPBSourceContext.pbobjc.m; sourceTree = "<group>"; };
		ABD39F3A2A1DFEE00014476D /* VPKGPBWireFormat.m */ = {isa = PBXFileReference; fileEncoding = 4; lastKnownFileType = sourcecode.c.objc; path = VPKGPBWireFormat.m; sourceTree = "<group>"; };
		ABD39F3B2A1DFEE00014476D /* VPKGPBArray.m */ = {isa = PBXFileReference; fileEncoding = 4; lastKnownFileType = sourcecode.c.objc; path = VPKGPBArray.m; sourceTree = "<group>"; };
		ABD39F3C2A1DFEE00014476D /* VPKGPBUnknownFieldSet.h */ = {isa = PBXFileReference; fileEncoding = 4; lastKnownFileType = sourcecode.c.h; path = VPKGPBUnknownFieldSet.h; sourceTree = "<group>"; };
		ABD39F3D2A1DFEE00014476D /* VPKGPBUnknownField_PackagePrivate.h */ = {isa = PBXFileReference; fileEncoding = 4; lastKnownFileType = sourcecode.c.h; path = VPKGPBUnknownField_PackagePrivate.h; sourceTree = "<group>"; };
		ABD39F3E2A1DFEE00014476D /* VPKGPBWrappers.pbobjc.m */ = {isa = PBXFileReference; fileEncoding = 4; lastKnownFileType = sourcecode.c.objc; path = VPKGPBWrappers.pbobjc.m; sourceTree = "<group>"; };
		ABD39F3F2A1DFEE00014476D /* VPKGPBExtensionInternals.m */ = {isa = PBXFileReference; fileEncoding = 4; lastKnownFileType = sourcecode.c.objc; path = VPKGPBExtensionInternals.m; sourceTree = "<group>"; };
		ABD39F402A1DFEE00014476D /* VPKGPBTimestamp.pbobjc.m */ = {isa = PBXFileReference; fileEncoding = 4; lastKnownFileType = sourcecode.c.objc; path = VPKGPBTimestamp.pbobjc.m; sourceTree = "<group>"; };
		ABD39F412A1DFEE00014476D /* VPKGPBEmpty.pbobjc.m */ = {isa = PBXFileReference; fileEncoding = 4; lastKnownFileType = sourcecode.c.objc; path = VPKGPBEmpty.pbobjc.m; sourceTree = "<group>"; };
		ABD39F422A1DFEE00014476D /* VPKGPBCodedInputStream.m */ = {isa = PBXFileReference; fileEncoding = 4; lastKnownFileType = sourcecode.c.objc; path = VPKGPBCodedInputStream.m; sourceTree = "<group>"; };
		ABD39F432A1DFEE00014476D /* VPKGPBStruct.pbobjc.m */ = {isa = PBXFileReference; fileEncoding = 4; lastKnownFileType = sourcecode.c.objc; path = VPKGPBStruct.pbobjc.m; sourceTree = "<group>"; };
		ABD39F442A1DFEE00014476D /* VPKGPBDescriptor.m */ = {isa = PBXFileReference; fileEncoding = 4; lastKnownFileType = sourcecode.c.objc; path = VPKGPBDescriptor.m; sourceTree = "<group>"; };
		ABD39F452A1DFEE00014476D /* VPKGPBMessage.m */ = {isa = PBXFileReference; fileEncoding = 4; lastKnownFileType = sourcecode.c.objc; path = VPKGPBMessage.m; sourceTree = "<group>"; };
		ABD39F462A1DFEE00014476D /* VPKGPBRootObject.m */ = {isa = PBXFileReference; fileEncoding = 4; lastKnownFileType = sourcecode.c.objc; path = VPKGPBRootObject.m; sourceTree = "<group>"; };
		ABD39F472A1DFEE00014476D /* VPKGPBExtensionRegistry.h */ = {isa = PBXFileReference; fileEncoding = 4; lastKnownFileType = sourcecode.c.h; path = VPKGPBExtensionRegistry.h; sourceTree = "<group>"; };
		ABD39F482A1DFEE00014476D /* VPKGPBAny.pbobjc.h */ = {isa = PBXFileReference; fileEncoding = 4; lastKnownFileType = sourcecode.c.h; path = VPKGPBAny.pbobjc.h; sourceTree = "<group>"; };
		ABE756352A1D25A50020D819 /* static-debug.xcconfig */ = {isa = PBXFileReference; lastKnownFileType = text.xcconfig; path = "static-debug.xcconfig"; sourceTree = "<group>"; };
		ABE756362A1D25A50020D819 /* dynamic.xcconfig */ = {isa = PBXFileReference; lastKnownFileType = text.xcconfig; path = dynamic.xcconfig; sourceTree = "<group>"; };
		ABE756372A1D25A50020D819 /* static-release.xcconfig */ = {isa = PBXFileReference; lastKnownFileType = text.xcconfig; path = "static-release.xcconfig"; sourceTree = "<group>"; };
		ABE756382A1D25A50020D819 /* defaults.xcconfig */ = {isa = PBXFileReference; lastKnownFileType = text.xcconfig; path = defaults.xcconfig; sourceTree = "<group>"; };
/* End PBXFileReference section */

/* Begin PBXFrameworksBuildPhase section */
		AB2AC8B42A1CD8B20014EB4B /* Frameworks */ = {
			isa = PBXFrameworksBuildPhase;
			buildActionMask = 2147483647;
			files = (
			);
			runOnlyForDeploymentPostprocessing = 0;
		};
		AB4BA8CC2A1D09FF001875CC /* Frameworks */ = {
			isa = PBXFrameworksBuildPhase;
			buildActionMask = 2147483647;
			files = (
			);
			runOnlyForDeploymentPostprocessing = 0;
		};
/* End PBXFrameworksBuildPhase section */

/* Begin PBXGroup section */
		AB2AC8872A1970E80014EB4B = {
			isa = PBXGroup;
			children = (
				AB12D0122A23AAFC00A6095E /* build_xcframeworks.sh */,
				ABD39F072A1DFEE00014476D /* VPKProtobuf */,
				ABE756342A1D25A50020D819 /* config */,
				AB2AC8932A1970E80014EB4B /* dotveep */,
				AB2AC8922A1970E80014EB4B /* Products */,
			);
			sourceTree = "<group>";
		};
		AB2AC8922A1970E80014EB4B /* Products */ = {
			isa = PBXGroup;
			children = (
				AB2AC8BA2A1CD8B20014EB4B /* dotveep.framework */,
				AB4BA8D32A1D09FF001875CC /* dotveep.framework */,
			);
			name = Products;
			sourceTree = "<group>";
		};
		AB2AC8932A1970E80014EB4B /* dotveep */ = {
			isa = PBXGroup;
			children = (
				AB2AC8942A1970E80014EB4B /* dotveep_header.h */,
				AB2AC89B2A19710B0014EB4B /* Veep.pbobjc.h */,
				AB2AC89C2A19710B0014EB4B /* Veep.pbobjc.m */,
			);
			path = dotveep;
			sourceTree = "<group>";
		};
		ABD39F072A1DFEE00014476D /* VPKProtobuf */ = {
			isa = PBXGroup;
			children = (
				ABD39F082A1DFEE00014476D /* LICENSE */,
				ABD39F092A1DFEE00014476D /* README.md */,
				ABD39F0A2A1DFEE00014476D /* objectivec */,
			);
			path = VPKProtobuf;
			sourceTree = "<group>";
		};
		ABD39F0A2A1DFEE00014476D /* objectivec */ = {
			isa = PBXGroup;
			children = (
				ABD39F0B2A1DFEE00014476D /* VPKGPBUtilities_PackagePrivate.h */,
				ABD39F0C2A1DFEE00014476D /* VPKGPBArray_PackagePrivate.h */,
				ABD39F0D2A1DFEE00014476D /* VPKGPBUtilities.m */,
				ABD39F0E2A1DFEE00014476D /* VPKGPBDictionary_PackagePrivate.h */,
				ABD39F0F2A1DFEE00014476D /* VPKGPBWellKnownTypes.h */,
				ABD39F102A1DFEE00014476D /* VPKGPBMessage_PackagePrivate.h */,
				ABD39F112A1DFEE00014476D /* VPKGPBUnknownField.h */,
				ABD39F122A1DFEE00014476D /* VPKGPBDictionary.m */,
				ABD39F132A1DFEE00014476D /* VPKGPBCodedOutputStream.h */,
				ABD39F142A1DFEE00014476D /* VPKGPBDescriptor_PackagePrivate.h */,
				ABD39F152A1DFEE00014476D /* VPKGPBType.pbobjc.m */,
				ABD39F162A1DFEE00014476D /* VPKGPBDuration.pbobjc.h */,
				ABD39F172A1DFEE00014476D /* VPKGPBFieldMask.pbobjc.m */,
				ABD39F182A1DFEE00014476D /* VPKGPBApi.pbobjc.h */,
				ABD39F192A1DFEE00014476D /* VPKGPBProtocolBuffers.h */,
				ABD39F1A2A1DFEE00014476D /* VPKGPBEmpty.pbobjc.h */,
				ABD39F1B2A1DFEE00014476D /* VPKGPBCodedInputStream.h */,
				ABD39F1C2A1DFEE00014476D /* VPKGPBTimestamp.pbobjc.h */,
				ABD39F1D2A1DFEE00014476D /* VPKGPBExtensionInternals.h */,
				ABD39F1E2A1DFEE00014476D /* VPKGPBWrappers.pbobjc.h */,
				ABD39F1F2A1DFEE00014476D /* VPKGPBUnknownFieldSet.m */,
				ABD39F202A1DFEE00014476D /* VPKGPBRuntimeTypes.h */,
				ABD39F212A1DFEE00014476D /* VPKGPBArray.h */,
				ABD39F222A1DFEE00014476D /* VPKGPBSourceContext.pbobjc.h */,
				ABD39F232A1DFEE00014476D /* VPKGPBWireFormat.h */,
				ABD39F242A1DFEE00014476D /* VPKGPBAny.pbobjc.m */,
				ABD39F252A1DFEE00014476D /* VPKGPBRootObject.h */,
				ABD39F262A1DFEE00014476D /* VPKGPBExtensionRegistry.m */,
				ABD39F272A1DFEE00014476D /* VPKGPBCodedOutputStream_PackagePrivate.h */,
				ABD39F282A1DFEE00014476D /* VPKGPBMessage.h */,
				ABD39F292A1DFEE00014476D /* VPKGPBDescriptor.h */,
				ABD39F2A2A1DFEE00014476D /* VPKGPBStruct.pbobjc.h */,
				ABD39F2B2A1DFEE00014476D /* VPKGPBUnknownField.m */,
				ABD39F2C2A1DFEE00014476D /* VPKGPBWellKnownTypes.m */,
				ABD39F2D2A1DFEE00014476D /* VPKGPBUtilities.h */,
				ABD39F2E2A1DFEE00014476D /* VPKGPBProtocolBuffers_RuntimeSupport.h */,
				ABD39F2F2A1DFEE00014476D /* VPKGPBCodedInputStream_PackagePrivate.h */,
				ABD39F302A1DFEE00014476D /* VPKGPBUnknownFieldSet_PackagePrivate.h */,
				ABD39F312A1DFEE00014476D /* VPKGPBRootObject_PackagePrivate.h */,
				ABD39F322A1DFEE00014476D /* VPKGPBApi.pbobjc.m */,
				ABD39F332A1DFEE00014476D /* VPKGPBFieldMask.pbobjc.h */,
				ABD39F342A1DFEE00014476D /* VPKGPBType.pbobjc.h */,
				ABD39F352A1DFEE00014476D /* VPKGPBDuration.pbobjc.m */,
				ABD39F362A1DFEE00014476D /* VPKGPBCodedOutputStream.m */,
				ABD39F372A1DFEE00014476D /* VPKGPBDictionary.h */,
				ABD39F382A1DFEE00014476D /* VPKGPBBootstrap.h */,
				ABD39F392A1DFEE00014476D /* VPKGPBSourceContext.pbobjc.m */,
				ABD39F3A2A1DFEE00014476D /* VPKGPBWireFormat.m */,
				ABD39F3B2A1DFEE00014476D /* VPKGPBArray.m */,
				ABD39F3C2A1DFEE00014476D /* VPKGPBUnknownFieldSet.h */,
				ABD39F3D2A1DFEE00014476D /* VPKGPBUnknownField_PackagePrivate.h */,
				ABD39F3E2A1DFEE00014476D /* VPKGPBWrappers.pbobjc.m */,
				ABD39F3F2A1DFEE00014476D /* VPKGPBExtensionInternals.m */,
				ABD39F402A1DFEE00014476D /* VPKGPBTimestamp.pbobjc.m */,
				ABD39F412A1DFEE00014476D /* VPKGPBEmpty.pbobjc.m */,
				ABD39F422A1DFEE00014476D /* VPKGPBCodedInputStream.m */,
				ABD39F432A1DFEE00014476D /* VPKGPBStruct.pbobjc.m */,
				ABD39F442A1DFEE00014476D /* VPKGPBDescriptor.m */,
				ABD39F452A1DFEE00014476D /* VPKGPBMessage.m */,
				ABD39F462A1DFEE00014476D /* VPKGPBRootObject.m */,
				ABD39F472A1DFEE00014476D /* VPKGPBExtensionRegistry.h */,
				ABD39F482A1DFEE00014476D /* VPKGPBAny.pbobjc.h */,
			);
			path = objectivec;
			sourceTree = "<group>";
		};
		ABE756342A1D25A50020D819 /* config */ = {
			isa = PBXGroup;
			children = (
				ABE756382A1D25A50020D819 /* defaults.xcconfig */,
				ABE756362A1D25A50020D819 /* dynamic.xcconfig */,
				ABE756352A1D25A50020D819 /* static-debug.xcconfig */,
				ABE756372A1D25A50020D819 /* static-release.xcconfig */,
			);
			path = config;
			sourceTree = "<group>";
		};
/* End PBXGroup section */

/* Begin PBXHeadersBuildPhase section */
		AB2AC8AF2A1CD8B20014EB4B /* Headers */ = {
			isa = PBXHeadersBuildPhase;
			buildActionMask = 2147483647;
			files = (
				ABD39F862A1DFEE20014476D /* VPKGPBExtensionInternals.h in Headers */,
				ABD39FC82A1DFEE40014476D /* VPKGPBFieldMask.pbobjc.h in Headers */,
				ABD39FE32A1DFEE50014476D /* VPKGPBUnknownFieldSet.h in Headers */,
				ABD39F952A1DFEE30014476D /* VPKGPBSourceContext.pbobjc.h in Headers */,
				ABD3A0072A1DFEE60014476D /* VPKGPBAny.pbobjc.h in Headers */,
				ABD39FAD2A1DFEE30014476D /* VPKGPBStruct.pbobjc.h in Headers */,
				ABD39FB62A1DFEE40014476D /* VPKGPBUtilities.h in Headers */,
				ABD39F832A1DFEE20014476D /* VPKGPBTimestamp.pbobjc.h in Headers */,
				ABD39F6B2A1DFEE10014476D /* VPKGPBDescriptor_PackagePrivate.h in Headers */,
				ABD39FA72A1DFEE30014476D /* VPKGPBMessage.h in Headers */,
				ABD39F9E2A1DFEE30014476D /* VPKGPBRootObject.h in Headers */,
				ABD39FC22A1DFEE40014476D /* VPKGPBRootObject_PackagePrivate.h in Headers */,
				ABD39FBF2A1DFEE40014476D /* VPKGPBUnknownFieldSet_PackagePrivate.h in Headers */,
				ABD39F622A1DFEE10014476D /* VPKGPBUnknownField.h in Headers */,
				ABD39F502A1DFEE00014476D /* VPKGPBUtilities_PackagePrivate.h in Headers */,
				ABD39FE62A1DFEE50014476D /* VPKGPBUnknownField_PackagePrivate.h in Headers */,
				ABD39F772A1DFEE10014476D /* VPKGPBApi.pbobjc.h in Headers */,
				ABD39F8F2A1DFEE20014476D /* VPKGPBRuntimeTypes.h in Headers */,
				ABD39F5F2A1DFEE10014476D /* VPKGPBMessage_PackagePrivate.h in Headers */,
				ABD39F802A1DFEE20014476D /* VPKGPBCodedInputStream.h in Headers */,
				ABD39FB92A1DFEE40014476D /* VPKGPBProtocolBuffers_RuntimeSupport.h in Headers */,
				ABD39FA42A1DFEE30014476D /* VPKGPBCodedOutputStream_PackagePrivate.h in Headers */,
				ABD39FD72A1DFEE50014476D /* VPKGPBBootstrap.h in Headers */,
				ABD39F982A1DFEE30014476D /* VPKGPBWireFormat.h in Headers */,
				ABD39FD42A1DFEE50014476D /* VPKGPBDictionary.h in Headers */,
				ABD39F532A1DFEE00014476D /* VPKGPBArray_PackagePrivate.h in Headers */,
				ABD39FAA2A1DFEE30014476D /* VPKGPBDescriptor.h in Headers */,
				ABD39F5C2A1DFEE10014476D /* VPKGPBWellKnownTypes.h in Headers */,
				ABD39F922A1DFEE20014476D /* VPKGPBArray.h in Headers */,
				ABD39F7A2A1DFEE20014476D /* VPKGPBProtocolBuffers.h in Headers */,
				ABD39F892A1DFEE20014476D /* VPKGPBWrappers.pbobjc.h in Headers */,
				ABD39FBC2A1DFEE40014476D /* VPKGPBCodedInputStream_PackagePrivate.h in Headers */,
				ABD39F592A1DFEE00014476D /* VPKGPBDictionary_PackagePrivate.h in Headers */,
				ABD39F7D2A1DFEE20014476D /* VPKGPBEmpty.pbobjc.h in Headers */,
				ABD39FCB2A1DFEE40014476D /* VPKGPBType.pbobjc.h in Headers */,
				ABD39F682A1DFEE10014476D /* VPKGPBCodedOutputStream.h in Headers */,
				ABD39F712A1DFEE10014476D /* VPKGPBDuration.pbobjc.h in Headers */,
				ABD3A0042A1DFEE60014476D /* VPKGPBExtensionRegistry.h in Headers */,
				AB2AC8B02A1CD8B20014EB4B /* dotveep_header.h in Headers */,
				AB2AC8B12A1CD8B20014EB4B /* Veep.pbobjc.h in Headers */,
			);
			runOnlyForDeploymentPostprocessing = 0;
		};
		AB4BA87F2A1D09FF001875CC /* Headers */ = {
			isa = PBXHeadersBuildPhase;
			buildActionMask = 2147483647;
			files = (
				ABD39F872A1DFEE20014476D /* VPKGPBExtensionInternals.h in Headers */,
				ABD39FC92A1DFEE40014476D /* VPKGPBFieldMask.pbobjc.h in Headers */,
				ABD39FE42A1DFEE50014476D /* VPKGPBUnknownFieldSet.h in Headers */,
				ABD39F962A1DFEE30014476D /* VPKGPBSourceContext.pbobjc.h in Headers */,
				ABD3A0082A1DFEE60014476D /* VPKGPBAny.pbobjc.h in Headers */,
				ABD39FAE2A1DFEE30014476D /* VPKGPBStruct.pbobjc.h in Headers */,
				ABD39FB72A1DFEE40014476D /* VPKGPBUtilities.h in Headers */,
				ABD39F842A1DFEE20014476D /* VPKGPBTimestamp.pbobjc.h in Headers */,
				ABD39F6C2A1DFEE10014476D /* VPKGPBDescriptor_PackagePrivate.h in Headers */,
				ABD39FA82A1DFEE30014476D /* VPKGPBMessage.h in Headers */,
				ABD39F9F2A1DFEE30014476D /* VPKGPBRootObject.h in Headers */,
				ABD39FC32A1DFEE40014476D /* VPKGPBRootObject_PackagePrivate.h in Headers */,
				ABD39FC02A1DFEE40014476D /* VPKGPBUnknownFieldSet_PackagePrivate.h in Headers */,
				ABD39F632A1DFEE10014476D /* VPKGPBUnknownField.h in Headers */,
				ABD39F512A1DFEE00014476D /* VPKGPBUtilities_PackagePrivate.h in Headers */,
				ABD39FE72A1DFEE50014476D /* VPKGPBUnknownField_PackagePrivate.h in Headers */,
				ABD39F782A1DFEE20014476D /* VPKGPBApi.pbobjc.h in Headers */,
				ABD39F902A1DFEE20014476D /* VPKGPBRuntimeTypes.h in Headers */,
				ABD39F602A1DFEE10014476D /* VPKGPBMessage_PackagePrivate.h in Headers */,
				ABD39F812A1DFEE20014476D /* VPKGPBCodedInputStream.h in Headers */,
				ABD39FBA2A1DFEE40014476D /* VPKGPBProtocolBuffers_RuntimeSupport.h in Headers */,
				ABD39FA52A1DFEE30014476D /* VPKGPBCodedOutputStream_PackagePrivate.h in Headers */,
				ABD39FD82A1DFEE50014476D /* VPKGPBBootstrap.h in Headers */,
				ABD39F992A1DFEE30014476D /* VPKGPBWireFormat.h in Headers */,
				ABD39FD52A1DFEE50014476D /* VPKGPBDictionary.h in Headers */,
				ABD39F542A1DFEE00014476D /* VPKGPBArray_PackagePrivate.h in Headers */,
				ABD39FAB2A1DFEE30014476D /* VPKGPBDescriptor.h in Headers */,
				ABD39F5D2A1DFEE10014476D /* VPKGPBWellKnownTypes.h in Headers */,
				ABD39F932A1DFEE30014476D /* VPKGPBArray.h in Headers */,
				ABD39F7B2A1DFEE20014476D /* VPKGPBProtocolBuffers.h in Headers */,
				ABD39F8A2A1DFEE20014476D /* VPKGPBWrappers.pbobjc.h in Headers */,
				ABD39FBD2A1DFEE40014476D /* VPKGPBCodedInputStream_PackagePrivate.h in Headers */,
				ABD39F5A2A1DFEE10014476D /* VPKGPBDictionary_PackagePrivate.h in Headers */,
				ABD39F7E2A1DFEE20014476D /* VPKGPBEmpty.pbobjc.h in Headers */,
				ABD39FCC2A1DFEE40014476D /* VPKGPBType.pbobjc.h in Headers */,
				ABD39F692A1DFEE10014476D /* VPKGPBCodedOutputStream.h in Headers */,
				ABD39F722A1DFEE10014476D /* VPKGPBDuration.pbobjc.h in Headers */,
				ABD3A0052A1DFEE60014476D /* VPKGPBExtensionRegistry.h in Headers */,
				AB4BA8A72A1D09FF001875CC /* dotveep_header.h in Headers */,
				AB4BA8A82A1D09FF001875CC /* Veep.pbobjc.h in Headers */,
			);
			runOnlyForDeploymentPostprocessing = 0;
		};
/* End PBXHeadersBuildPhase section */

/* Begin PBXNativeTarget section */
		AB2AC8AD2A1CD8B20014EB4B /* dotveep-static */ = {
			isa = PBXNativeTarget;
			buildConfigurationList = AB2AC8B72A1CD8B20014EB4B /* Build configuration list for PBXNativeTarget "dotveep-static" */;
			buildPhases = (
				AB2AC8AF2A1CD8B20014EB4B /* Headers */,
				AB2AC8B22A1CD8B20014EB4B /* Sources */,
				AB2AC8B42A1CD8B20014EB4B /* Frameworks */,
				AB2AC8B62A1CD8B20014EB4B /* Resources */,
			);
			buildRules = (
			);
			dependencies = (
			);
			name = "dotveep-static";
			productName = dotveep;
			productReference = AB2AC8BA2A1CD8B20014EB4B /* dotveep.framework */;
			productType = "com.apple.product-type.framework";
		};
		AB4BA87D2A1D09FF001875CC /* dotveep-dynamic */ = {
			isa = PBXNativeTarget;
			buildConfigurationList = AB4BA8D02A1D09FF001875CC /* Build configuration list for PBXNativeTarget "dotveep-dynamic" */;
			buildPhases = (
				AB4BA87F2A1D09FF001875CC /* Headers */,
				AB4BA8B22A1D09FF001875CC /* Sources */,
				AB4BA8CC2A1D09FF001875CC /* Frameworks */,
				AB4BA8CD2A1D09FF001875CC /* Resources */,
			);
			buildRules = (
			);
			dependencies = (
			);
			name = "dotveep-dynamic";
			productName = dotveep;
			productReference = AB4BA8D32A1D09FF001875CC /* dotveep.framework */;
			productType = "com.apple.product-type.framework";
		};
/* End PBXNativeTarget section */

/* Begin PBXProject section */
		AB2AC8882A1970E80014EB4B /* Project object */ = {
			isa = PBXProject;
			attributes = {
				BuildIndependentTargetsInParallel = 1;
				LastUpgradeCheck = 1430;
			};
			buildConfigurationList = AB2AC88B2A1970E80014EB4B /* Build configuration list for PBXProject "dotveep" */;
			compatibilityVersion = "Xcode 14.0";
			developmentRegion = en;
			hasScannedForEncodings = 0;
			knownRegions = (
				en,
				Base,
			);
			mainGroup = AB2AC8872A1970E80014EB4B;
			productRefGroup = AB2AC8922A1970E80014EB4B /* Products */;
			projectDirPath = "";
			projectRoot = "";
			targets = (
				AB2AC8AD2A1CD8B20014EB4B /* dotveep-static */,
				AB4BA87D2A1D09FF001875CC /* dotveep-dynamic */,
			);
		};
/* End PBXProject section */

/* Begin PBXResourcesBuildPhase section */
		AB2AC8B62A1CD8B20014EB4B /* Resources */ = {
			isa = PBXResourcesBuildPhase;
			buildActionMask = 2147483647;
			files = (
			);
			runOnlyForDeploymentPostprocessing = 0;
		};
		AB4BA8CD2A1D09FF001875CC /* Resources */ = {
			isa = PBXResourcesBuildPhase;
			buildActionMask = 2147483647;
			files = (
			);
			runOnlyForDeploymentPostprocessing = 0;
		};
/* End PBXResourcesBuildPhase section */

/* Begin PBXSourcesBuildPhase section */
		AB2AC8B22A1CD8B20014EB4B /* Sources */ = {
			isa = PBXSourcesBuildPhase;
			buildActionMask = 2147483647;
			files = (
				ABD39FC52A1DFEE40014476D /* VPKGPBApi.pbobjc.m in Sources */,
				ABD39FEC2A1DFEE50014476D /* VPKGPBExtensionInternals.m in Sources */,
				ABD39F742A1DFEE10014476D /* VPKGPBFieldMask.pbobjc.m in Sources */,
				ABD3A0012A1DFEE60014476D /* VPKGPBRootObject.m in Sources */,
				ABD39FE92A1DFEE50014476D /* VPKGPBWrappers.pbobjc.m in Sources */,
				ABD39FE02A1DFEE50014476D /* VPKGPBArray.m in Sources */,
				ABD39FDA2A1DFEE50014476D /* VPKGPBSourceContext.pbobjc.m in Sources */,
				ABD39FF52A1DFEE50014476D /* VPKGPBCodedInputStream.m in Sources */,
				ABD39F562A1DFEE00014476D /* VPKGPBUtilities.m in Sources */,
				ABD39F9B2A1DFEE30014476D /* VPKGPBAny.pbobjc.m in Sources */,
				ABD39FB02A1DFEE30014476D /* VPKGPBUnknownField.m in Sources */,
				ABD39F8C2A1DFEE20014476D /* VPKGPBUnknownFieldSet.m in Sources */,
				ABD39FF22A1DFEE50014476D /* VPKGPBEmpty.pbobjc.m in Sources */,
				ABD39FFE2A1DFEE60014476D /* VPKGPBMessage.m in Sources */,
				ABD39F652A1DFEE10014476D /* VPKGPBDictionary.m in Sources */,
				ABD39FB32A1DFEE40014476D /* VPKGPBWellKnownTypes.m in Sources */,
				ABD39FDD2A1DFEE50014476D /* VPKGPBWireFormat.m in Sources */,
				ABD39FA12A1DFEE30014476D /* VPKGPBExtensionRegistry.m in Sources */,
				ABD39FCE2A1DFEE40014476D /* VPKGPBDuration.pbobjc.m in Sources */,
				ABD39FD12A1DFEE40014476D /* VPKGPBCodedOutputStream.m in Sources */,
				ABD39F6E2A1DFEE10014476D /* VPKGPBType.pbobjc.m in Sources */,
				ABD39FFB2A1DFEE50014476D /* VPKGPBDescriptor.m in Sources */,
				ABD39FF82A1DFEE50014476D /* VPKGPBStruct.pbobjc.m in Sources */,
				AB2AC8B32A1CD8B20014EB4B /* Veep.pbobjc.m in Sources */,
				ABD39FEF2A1DFEE50014476D /* VPKGPBTimestamp.pbobjc.m in Sources */,
			);
			runOnlyForDeploymentPostprocessing = 0;
		};
		AB4BA8B22A1D09FF001875CC /* Sources */ = {
			isa = PBXSourcesBuildPhase;
			buildActionMask = 2147483647;
			files = (
				ABD39FC62A1DFEE40014476D /* VPKGPBApi.pbobjc.m in Sources */,
				ABD39FED2A1DFEE50014476D /* VPKGPBExtensionInternals.m in Sources */,
				ABD39F752A1DFEE10014476D /* VPKGPBFieldMask.pbobjc.m in Sources */,
				ABD3A0022A1DFEE60014476D /* VPKGPBRootObject.m in Sources */,
				ABD39FEA2A1DFEE50014476D /* VPKGPBWrappers.pbobjc.m in Sources */,
				ABD39FE12A1DFEE50014476D /* VPKGPBArray.m in Sources */,
				ABD39FDB2A1DFEE50014476D /* VPKGPBSourceContext.pbobjc.m in Sources */,
				ABD39FF62A1DFEE50014476D /* VPKGPBCodedInputStream.m in Sources */,
				ABD39F572A1DFEE00014476D /* VPKGPBUtilities.m in Sources */,
				ABD39F9C2A1DFEE30014476D /* VPKGPBAny.pbobjc.m in Sources */,
				ABD39FB12A1DFEE40014476D /* VPKGPBUnknownField.m in Sources */,
				ABD39F8D2A1DFEE20014476D /* VPKGPBUnknownFieldSet.m in Sources */,
				ABD39FF32A1DFEE50014476D /* VPKGPBEmpty.pbobjc.m in Sources */,
				ABD39FFF2A1DFEE60014476D /* VPKGPBMessage.m in Sources */,
				ABD39F662A1DFEE10014476D /* VPKGPBDictionary.m in Sources */,
				ABD39FB42A1DFEE40014476D /* VPKGPBWellKnownTypes.m in Sources */,
				ABD39FDE2A1DFEE50014476D /* VPKGPBWireFormat.m in Sources */,
				ABD39FA22A1DFEE30014476D /* VPKGPBExtensionRegistry.m in Sources */,
				ABD39FCF2A1DFEE40014476D /* VPKGPBDuration.pbobjc.m in Sources */,
				ABD39FD22A1DFEE40014476D /* VPKGPBCodedOutputStream.m in Sources */,
				ABD39F6F2A1DFEE10014476D /* VPKGPBType.pbobjc.m in Sources */,
				ABD39FFC2A1DFEE50014476D /* VPKGPBDescriptor.m in Sources */,
				ABD39FF92A1DFEE50014476D /* VPKGPBStruct.pbobjc.m in Sources */,
				AB4BA8CB2A1D09FF001875CC /* Veep.pbobjc.m in Sources */,
				ABD39FF02A1DFEE50014476D /* VPKGPBTimestamp.pbobjc.m in Sources */,
			);
			runOnlyForDeploymentPostprocessing = 0;
		};
/* End PBXSourcesBuildPhase section */

/* Begin XCBuildConfiguration section */
		AB2AC8962A1970E80014EB4B /* Debug */ = {
			isa = XCBuildConfiguration;
			buildSettings = {
				ALWAYS_SEARCH_USER_PATHS = NO;
				CLANG_ANALYZER_NONNULL = YES;
				CLANG_ANALYZER_NUMBER_OBJECT_CONVERSION = YES_AGGRESSIVE;
				CLANG_CXX_LANGUAGE_STANDARD = "gnu++20";
				CLANG_ENABLE_MODULES = YES;
				CLANG_ENABLE_OBJC_ARC = YES;
				CLANG_ENABLE_OBJC_WEAK = YES;
				CLANG_WARN_BLOCK_CAPTURE_AUTORELEASING = YES;
				CLANG_WARN_BOOL_CONVERSION = YES;
				CLANG_WARN_COMMA = YES;
				CLANG_WARN_CONSTANT_CONVERSION = YES;
				CLANG_WARN_DEPRECATED_OBJC_IMPLEMENTATIONS = YES;
				CLANG_WARN_DIRECT_OBJC_ISA_USAGE = YES_ERROR;
				CLANG_WARN_DOCUMENTATION_COMMENTS = YES;
				CLANG_WARN_EMPTY_BODY = YES;
				CLANG_WARN_ENUM_CONVERSION = YES;
				CLANG_WARN_INFINITE_RECURSION = YES;
				CLANG_WARN_INT_CONVERSION = YES;
				CLANG_WARN_NON_LITERAL_NULL_CONVERSION = YES;
				CLANG_WARN_OBJC_IMPLICIT_RETAIN_SELF = YES;
				CLANG_WARN_OBJC_LITERAL_CONVERSION = YES;
				CLANG_WARN_OBJC_ROOT_CLASS = YES_ERROR;
				CLANG_WARN_QUOTED_INCLUDE_IN_FRAMEWORK_HEADER = NO;
				CLANG_WARN_RANGE_LOOP_ANALYSIS = YES;
				CLANG_WARN_STRICT_PROTOTYPES = YES;
				CLANG_WARN_SUSPICIOUS_MOVE = YES;
				CLANG_WARN_UNGUARDED_AVAILABILITY = YES_AGGRESSIVE;
				CLANG_WARN_UNREACHABLE_CODE = YES;
				CLANG_WARN__DUPLICATE_METHOD_MATCH = YES;
				COPY_PHASE_STRIP = NO;
				CURRENT_PROJECT_VERSION = 1;
				DEBUG_INFORMATION_FORMAT = dwarf;
				ENABLE_BITCODE = NO;
				ENABLE_STRICT_OBJC_MSGSEND = YES;
				ENABLE_TESTABILITY = YES;
				GCC_C_LANGUAGE_STANDARD = gnu11;
				GCC_DYNAMIC_NO_PIC = NO;
				GCC_NO_COMMON_BLOCKS = YES;
				GCC_OPTIMIZATION_LEVEL = 0;
				GCC_PREPROCESSOR_DEFINITIONS = (
					"DEBUG=1",
					"$(inherited)",
				);
				GCC_WARN_64_TO_32_BIT_CONVERSION = YES;
				GCC_WARN_ABOUT_RETURN_TYPE = YES_ERROR;
				GCC_WARN_UNDECLARED_SELECTOR = YES;
				GCC_WARN_UNINITIALIZED_AUTOS = YES_AGGRESSIVE;
				GCC_WARN_UNUSED_FUNCTION = YES;
				GCC_WARN_UNUSED_VARIABLE = YES;
				IPHONEOS_DEPLOYMENT_TARGET = 16.4;
				MTL_ENABLE_DEBUG_INFO = INCLUDE_SOURCE;
				MTL_FAST_MATH = YES;
				ONLY_ACTIVE_ARCH = NO;
				SDKROOT = iphoneos;
				VERSIONING_SYSTEM = "apple-generic";
				VERSION_INFO_PREFIX = "";
			};
			name = Debug;
		};
		AB2AC8972A1970E80014EB4B /* Release */ = {
			isa = XCBuildConfiguration;
			buildSettings = {
				ALWAYS_SEARCH_USER_PATHS = NO;
				CLANG_ANALYZER_NONNULL = YES;
				CLANG_ANALYZER_NUMBER_OBJECT_CONVERSION = YES_AGGRESSIVE;
				CLANG_CXX_LANGUAGE_STANDARD = "gnu++20";
				CLANG_ENABLE_MODULES = YES;
				CLANG_ENABLE_OBJC_ARC = YES;
				CLANG_ENABLE_OBJC_WEAK = YES;
				CLANG_WARN_BLOCK_CAPTURE_AUTORELEASING = YES;
				CLANG_WARN_BOOL_CONVERSION = YES;
				CLANG_WARN_COMMA = YES;
				CLANG_WARN_CONSTANT_CONVERSION = YES;
				CLANG_WARN_DEPRECATED_OBJC_IMPLEMENTATIONS = YES;
				CLANG_WARN_DIRECT_OBJC_ISA_USAGE = YES_ERROR;
				CLANG_WARN_DOCUMENTATION_COMMENTS = YES;
				CLANG_WARN_EMPTY_BODY = YES;
				CLANG_WARN_ENUM_CONVERSION = YES;
				CLANG_WARN_INFINITE_RECURSION = YES;
				CLANG_WARN_INT_CONVERSION = YES;
				CLANG_WARN_NON_LITERAL_NULL_CONVERSION = YES;
				CLANG_WARN_OBJC_IMPLICIT_RETAIN_SELF = YES;
				CLANG_WARN_OBJC_LITERAL_CONVERSION = YES;
				CLANG_WARN_OBJC_ROOT_CLASS = YES_ERROR;
				CLANG_WARN_QUOTED_INCLUDE_IN_FRAMEWORK_HEADER = NO;
				CLANG_WARN_RANGE_LOOP_ANALYSIS = YES;
				CLANG_WARN_STRICT_PROTOTYPES = YES;
				CLANG_WARN_SUSPICIOUS_MOVE = YES;
				CLANG_WARN_UNGUARDED_AVAILABILITY = YES_AGGRESSIVE;
				CLANG_WARN_UNREACHABLE_CODE = YES;
				CLANG_WARN__DUPLICATE_METHOD_MATCH = YES;
				COPY_PHASE_STRIP = NO;
				CURRENT_PROJECT_VERSION = 1;
				DEBUG_INFORMATION_FORMAT = "dwarf-with-dsym";
				ENABLE_BITCODE = NO;
				ENABLE_NS_ASSERTIONS = NO;
				ENABLE_STRICT_OBJC_MSGSEND = YES;
				GCC_C_LANGUAGE_STANDARD = gnu11;
				GCC_NO_COMMON_BLOCKS = YES;
				GCC_WARN_64_TO_32_BIT_CONVERSION = YES;
				GCC_WARN_ABOUT_RETURN_TYPE = YES_ERROR;
				GCC_WARN_UNDECLARED_SELECTOR = YES;
				GCC_WARN_UNINITIALIZED_AUTOS = YES_AGGRESSIVE;
				GCC_WARN_UNUSED_FUNCTION = YES;
				GCC_WARN_UNUSED_VARIABLE = YES;
				IPHONEOS_DEPLOYMENT_TARGET = 16.4;
				MTL_ENABLE_DEBUG_INFO = NO;
				MTL_FAST_MATH = YES;
				ONLY_ACTIVE_ARCH = NO;
				SDKROOT = iphoneos;
				VALIDATE_PRODUCT = YES;
				VERSIONING_SYSTEM = "apple-generic";
				VERSION_INFO_PREFIX = "";
			};
			name = Release;
		};
		AB2AC8B82A1CD8B20014EB4B /* Debug */ = {
			isa = XCBuildConfiguration;
			baseConfigurationReference = ABE756352A1D25A50020D819 /* static-debug.xcconfig */;
			buildSettings = {
				ALWAYS_SEARCH_USER_PATHS = NO;
				BUILD_LIBRARY_FOR_DISTRIBUTION = YES;
				CLANG_ENABLE_OBJC_ARC = NO;
				CLANG_WARN_QUOTED_INCLUDE_IN_FRAMEWORK_HEADER = NO;
				CODE_SIGN_STYLE = Automatic;
				CURRENT_PROJECT_VERSION = 1;
				DEFINES_MODULE = YES;
				DEVELOPMENT_TEAM = 6R3CG82D75;
				DYLIB_COMPATIBILITY_VERSION = 1;
				DYLIB_CURRENT_VERSION = 1;
				DYLIB_INSTALL_NAME_BASE = "@rpath";
				ENABLE_MODULE_VERIFIER = YES;
				GCC_PREPROCESSOR_DEFINITIONS = "$(inherited)";
				GENERATE_INFOPLIST_FILE = YES;
				INFOPLIST_KEY_NSHumanReadableCopyright = "$(HumanReadableCopyright)";
				INSTALL_PATH = "$(LOCAL_LIBRARY_DIR)/Frameworks";
				LD_RUNPATH_SEARCH_PATHS = (
					"$(inherited)",
					"@executable_path/Frameworks",
					"@loader_path/Frameworks",
				);
				MODULE_VERIFIER_SUPPORTED_LANGUAGES = "objective-c objective-c++";
				MODULE_VERIFIER_SUPPORTED_LANGUAGE_STANDARDS = "gnu11 gnu++20";
				ONLY_ACTIVE_ARCH = NO;
				OTHER_LDFLAGS = "$(inherited)";
				PRODUCT_BUNDLE_IDENTIFIER = io.veep.dotveep.dotveep;
				SUPPORTED_PLATFORMS = "iphoneos iphonesimulator";
				SUPPORTS_MACCATALYST = NO;
				SUPPORTS_MAC_DESIGNED_FOR_IPHONE_IPAD = NO;
				SWIFT_EMIT_LOC_STRINGS = YES;
				TARGETED_DEVICE_FAMILY = "1,2";
			};
			name = Debug;
		};
		AB2AC8B92A1CD8B20014EB4B /* Release */ = {
			isa = XCBuildConfiguration;
			baseConfigurationReference = ABE756372A1D25A50020D819 /* static-release.xcconfig */;
			buildSettings = {
				ALWAYS_SEARCH_USER_PATHS = NO;
				BUILD_LIBRARY_FOR_DISTRIBUTION = YES;
				CLANG_ENABLE_OBJC_ARC = NO;
				CLANG_WARN_QUOTED_INCLUDE_IN_FRAMEWORK_HEADER = NO;
				CODE_SIGN_STYLE = Automatic;
				CURRENT_PROJECT_VERSION = 1;
				DEFINES_MODULE = YES;
				DEVELOPMENT_TEAM = 6R3CG82D75;
				DYLIB_COMPATIBILITY_VERSION = 1;
				DYLIB_CURRENT_VERSION = 1;
				DYLIB_INSTALL_NAME_BASE = "@rpath";
				ENABLE_MODULE_VERIFIER = YES;
				GCC_PREPROCESSOR_DEFINITIONS = "$(inherited)";
				GENERATE_INFOPLIST_FILE = YES;
				INFOPLIST_KEY_NSHumanReadableCopyright = "$(HumanReadableCopyright)";
				INSTALL_PATH = "$(LOCAL_LIBRARY_DIR)/Frameworks";
				LD_RUNPATH_SEARCH_PATHS = (
					"$(inherited)",
					"@executable_path/Frameworks",
					"@loader_path/Frameworks",
				);
				MODULE_VERIFIER_SUPPORTED_LANGUAGES = "objective-c objective-c++";
				MODULE_VERIFIER_SUPPORTED_LANGUAGE_STANDARDS = "gnu11 gnu++20";
				ONLY_ACTIVE_ARCH = NO;
				OTHER_LDFLAGS = "$(inherited)";
				PRODUCT_BUNDLE_IDENTIFIER = io.veep.dotveep.dotveep;
				SUPPORTED_PLATFORMS = "iphoneos iphonesimulator";
				SUPPORTS_MACCATALYST = NO;
				SUPPORTS_MAC_DESIGNED_FOR_IPHONE_IPAD = NO;
				SWIFT_EMIT_LOC_STRINGS = YES;
				TARGETED_DEVICE_FAMILY = "1,2";
			};
			name = Release;
		};
		AB4BA8D12A1D09FF001875CC /* Debug */ = {
			isa = XCBuildConfiguration;
			baseConfigurationReference = ABE756362A1D25A50020D819 /* dynamic.xcconfig */;
			buildSettings = {
				BUILD_LIBRARY_FOR_DISTRIBUTION = YES;
				CLANG_WARN_QUOTED_INCLUDE_IN_FRAMEWORK_HEADER = NO;
				CODE_SIGN_STYLE = Automatic;
				CURRENT_PROJECT_VERSION = 1;
				DEFINES_MODULE = YES;
				DEVELOPMENT_TEAM = 6R3CG82D75;
				DYLIB_COMPATIBILITY_VERSION = 1;
				DYLIB_CURRENT_VERSION = 1;
				DYLIB_INSTALL_NAME_BASE = "@rpath";
				ENABLE_MODULE_VERIFIER = YES;
				GCC_PREPROCESSOR_DEFINITIONS = "$(inherited)";
				GENERATE_INFOPLIST_FILE = YES;
				INFOPLIST_KEY_NSHumanReadableCopyright = "$(HumanReadableCopyright)";
				INSTALL_PATH = "$(LOCAL_LIBRARY_DIR)/Frameworks";
				LD_RUNPATH_SEARCH_PATHS = (
					"$(inherited)",
					"@executable_path/Frameworks",
					"@loader_path/Frameworks",
				);
				MODULE_VERIFIER_SUPPORTED_LANGUAGES = "objective-c objective-c++";
				MODULE_VERIFIER_SUPPORTED_LANGUAGE_STANDARDS = "gnu11 gnu++20";
				OTHER_LDFLAGS = "$(inherited)";
				PODS_PODFILE_DIR_PATH = "";
				PODS_ROOT = "";
				PRODUCT_BUNDLE_IDENTIFIER = io.veep.dotveep.dotveep;
				SUPPORTS_MACCATALYST = NO;
				SUPPORTS_MAC_DESIGNED_FOR_IPHONE_IPAD = NO;
				SWIFT_EMIT_LOC_STRINGS = YES;
				TARGETED_DEVICE_FAMILY = "1,2";
			};
			name = Debug;
		};
		AB4BA8D22A1D09FF001875CC /* Release */ = {
			isa = XCBuildConfiguration;
			baseConfigurationReference = ABE756362A1D25A50020D819 /* dynamic.xcconfig */;
			buildSettings = {
				BUILD_LIBRARY_FOR_DISTRIBUTION = YES;
				CLANG_WARN_QUOTED_INCLUDE_IN_FRAMEWORK_HEADER = NO;
				CODE_SIGN_STYLE = Automatic;
				CURRENT_PROJECT_VERSION = 1;
				DEFINES_MODULE = YES;
				DEVELOPMENT_TEAM = 6R3CG82D75;
				DYLIB_COMPATIBILITY_VERSION = 1;
				DYLIB_CURRENT_VERSION = 1;
				DYLIB_INSTALL_NAME_BASE = "@rpath";
				ENABLE_MODULE_VERIFIER = YES;
				GCC_PREPROCESSOR_DEFINITIONS = "$(inherited)";
				GENERATE_INFOPLIST_FILE = YES;
				INFOPLIST_KEY_NSHumanReadableCopyright = "$(HumanReadableCopyright)";
				INSTALL_PATH = "$(LOCAL_LIBRARY_DIR)/Frameworks";
				LD_RUNPATH_SEARCH_PATHS = (
					"$(inherited)",
					"@executable_path/Frameworks",
					"@loader_path/Frameworks",
				);
				MODULE_VERIFIER_SUPPORTED_LANGUAGES = "objective-c objective-c++";
				MODULE_VERIFIER_SUPPORTED_LANGUAGE_STANDARDS = "gnu11 gnu++20";
				OTHER_LDFLAGS = "$(inherited)";
				PODS_PODFILE_DIR_PATH = "";
				PODS_ROOT = "";
				PRODUCT_BUNDLE_IDENTIFIER = io.veep.dotveep.dotveep;
				SUPPORTS_MACCATALYST = NO;
				SUPPORTS_MAC_DESIGNED_FOR_IPHONE_IPAD = NO;
				SWIFT_EMIT_LOC_STRINGS = YES;
				TARGETED_DEVICE_FAMILY = "1,2";
			};
			name = Release;
		};
/* End XCBuildConfiguration section */

/* Begin XCConfigurationList section */
		AB2AC88B2A1970E80014EB4B /* Build configuration list for PBXProject "dotveep" */ = {
			isa = XCConfigurationList;
			buildConfigurations = (
				AB2AC8962A1970E80014EB4B /* Debug */,
				AB2AC8972A1970E80014EB4B /* Release */,
			);
			defaultConfigurationIsVisible = 0;
			defaultConfigurationName = Release;
		};
		AB2AC8B72A1CD8B20014EB4B /* Build configuration list for PBXNativeTarget "dotveep-static" */ = {
			isa = XCConfigurationList;
			buildConfigurations = (
				AB2AC8B82A1CD8B20014EB4B /* Debug */,
				AB2AC8B92A1CD8B20014EB4B /* Release */,
			);
			defaultConfigurationIsVisible = 0;
			defaultConfigurationName = Release;
		};
		AB4BA8D02A1D09FF001875CC /* Build configuration list for PBXNativeTarget "dotveep-dynamic" */ = {
			isa = XCConfigurationList;
			buildConfigurations = (
				AB4BA8D12A1D09FF001875CC /* Debug */,
				AB4BA8D22A1D09FF001875CC /* Release */,
			);
			defaultConfigurationIsVisible = 0;
			defaultConfigurationName = Release;
		};
/* End XCConfigurationList section */
	};
	rootObject = AB2AC8882A1970E80014EB4B /* Project object */;
}
